
Microsoft Visual Studio Solution File, Format Version 12.00
# Visual Studio 15
VisualStudioVersion = 15.0.28307.1231
MinimumVisualStudioVersion = 10.0.40219.1
Project("{FAE04EC0-301F-11D3-BF4B-00C04F79EFBC}") = "laba1", "laba1\laba1.csproj", "{80F0B5E4-D88F-4F7B-B022-AC8644C77B04}"
EndProject
Global
	GlobalSection(SolutionConfigurationPlatforms) = preSolution
		Debug|Any CPU = Debug|Any CPU
		Release|Any CPU = Release|Any CPU
	EndGlobalSection
	GlobalSection(ProjectConfigurationPlatforms) = postSolution
		{80F0B5E4-D88F-4F7B-B022-AC8644C77B04}.Debug|Any CPU.ActiveCfg = Debug|Any CPU
		{80F0B5E4-D88F-4F7B-B022-AC8644C77B04}.Debug|Any CPU.Build.0 = Debug|Any CPU
		{80F0B5E4-D88F-4F7B-B022-AC8644C77B04}.Release|Any CPU.ActiveCfg = Release|Any CPU
		{80F0B5E4-D88F-4F7B-B022-AC8644C77B04}.Release|Any CPU.Build.0 = Release|Any CPU
	EndGlobalSection
	GlobalSection(SolutionProperties) = preSolution
		HideSolutionNode = FALSE
	EndGlobalSection
	GlobalSection(ExtensibilityGlobals) = postSolution
		SolutionGuid = {14168CB8-F9F1-4D77-89EB-13AC28862366}
	EndGlobalSection
EndGlobal
