
Microsoft Visual Studio Solution File, Format Version 12.00
# Visual Studio 15
VisualStudioVersion = 15.0.28307.1231
MinimumVisualStudioVersion = 10.0.40219.1
Project("{FAE04EC0-301F-11D3-BF4B-00C04F79EFBC}") = "Lab1", "Lab1\Lab1.csproj", "{28CCF713-7689-43AB-8672-51DDA70DEC2F}"
EndProject
Global
	GlobalSection(SolutionConfigurationPlatforms) = preSolution
		Debug|Any CPU = Debug|Any CPU
		Release|Any CPU = Release|Any CPU
	EndGlobalSection
	GlobalSection(ProjectConfigurationPlatforms) = postSolution
		{28CCF713-7689-43AB-8672-51DDA70DEC2F}.Debug|Any CPU.ActiveCfg = Debug|Any CPU
		{28CCF713-7689-43AB-8672-51DDA70DEC2F}.Debug|Any CPU.Build.0 = Debug|Any CPU
		{28CCF713-7689-43AB-8672-51DDA70DEC2F}.Release|Any CPU.ActiveCfg = Release|Any CPU
		{28CCF713-7689-43AB-8672-51DDA70DEC2F}.Release|Any CPU.Build.0 = Release|Any CPU
	EndGlobalSection
	GlobalSection(SolutionProperties) = preSolution
		HideSolutionNode = FALSE
	EndGlobalSection
	GlobalSection(ExtensibilityGlobals) = postSolution
		SolutionGuid = {EB0CC4F8-C493-4506-87BF-DBF07F4A97C3}
	EndGlobalSection
EndGlobal
