
Microsoft Visual Studio Solution File, Format Version 12.00
# Visual Studio 15
VisualStudioVersion = 15.0.28307.1231
MinimumVisualStudioVersion = 10.0.40219.1
Project("{FAE04EC0-301F-11D3-BF4B-00C04F79EFBC}") = "WindowsFormsCars", "WindowsFormsApp1\WindowsFormsCars.csproj", "{86C33E48-DFF2-42D3-8261-AD7AC774A203}"
EndProject
Global
	GlobalSection(SolutionConfigurationPlatforms) = preSolution
		Debug|Any CPU = Debug|Any CPU
		Release|Any CPU = Release|Any CPU
	EndGlobalSection
	GlobalSection(ProjectConfigurationPlatforms) = postSolution
		{86C33E48-DFF2-42D3-8261-AD7AC774A203}.Debug|Any CPU.ActiveCfg = Debug|Any CPU
		{86C33E48-DFF2-42D3-8261-AD7AC774A203}.Debug|Any CPU.Build.0 = Debug|Any CPU
		{86C33E48-DFF2-42D3-8261-AD7AC774A203}.Release|Any CPU.ActiveCfg = Release|Any CPU
		{86C33E48-DFF2-42D3-8261-AD7AC774A203}.Release|Any CPU.Build.0 = Release|Any CPU
	EndGlobalSection
	GlobalSection(SolutionProperties) = preSolution
		HideSolutionNode = FALSE
	EndGlobalSection
	GlobalSection(ExtensibilityGlobals) = postSolution
		SolutionGuid = {13F1118F-0FDC-45EB-B216-2611B4AD2CB2}
	EndGlobalSection
EndGlobal
